
Microsoft Visual Studio Solution File, Format Version 12.00
# Visual Studio Version 16
VisualStudioVersion = 16.0.30907.101
MinimumVisualStudioVersion = 10.0.40219.1
Project("{9A19103F-16F7-4668-BE54-9A1E7A4F7556}") = "MovieLibrary.ConsoleHost", "MovieLibrary.ConsoleHost\MovieLibrary.ConsoleHost.csproj", "{CCD6DFFB-F396-406E-8515-9E222283BE48}"
EndProject
Project("{9A19103F-16F7-4668-BE54-9A1E7A4F7556}") = "MovieLibrary", "MovieLibrary\MovieLibrary.csproj", "{BB59D8C2-9E3D-4604-9EB5-7A6C1ED4841F}"
EndProject
Project("{FAE04EC0-301F-11D3-BF4B-00C04F79EFBC}") = "MovieLibrary.WinHost", "MovieLibrary.WinHost\MovieLibrary.WinHost.csproj", "{83938A02-5A00-4EB3-9EAF-912E16699125}"
EndProject
Global
	GlobalSection(SolutionConfigurationPlatforms) = preSolution
		Debug|Any CPU = Debug|Any CPU
		Release|Any CPU = Release|Any CPU
	EndGlobalSection
	GlobalSection(ProjectConfigurationPlatforms) = postSolution
		{CCD6DFFB-F396-406E-8515-9E222283BE48}.Debug|Any CPU.ActiveCfg = Debug|Any CPU
		{CCD6DFFB-F396-406E-8515-9E222283BE48}.Debug|Any CPU.Build.0 = Debug|Any CPU
		{CCD6DFFB-F396-406E-8515-9E222283BE48}.Release|Any CPU.ActiveCfg = Release|Any CPU
		{CCD6DFFB-F396-406E-8515-9E222283BE48}.Release|Any CPU.Build.0 = Release|Any CPU
		{BB59D8C2-9E3D-4604-9EB5-7A6C1ED4841F}.Debug|Any CPU.ActiveCfg = Debug|Any CPU
		{BB59D8C2-9E3D-4604-9EB5-7A6C1ED4841F}.Debug|Any CPU.Build.0 = Debug|Any CPU
		{BB59D8C2-9E3D-4604-9EB5-7A6C1ED4841F}.Release|Any CPU.ActiveCfg = Release|Any CPU
		{BB59D8C2-9E3D-4604-9EB5-7A6C1ED4841F}.Release|Any CPU.Build.0 = Release|Any CPU
		{83938A02-5A00-4EB3-9EAF-912E16699125}.Debug|Any CPU.ActiveCfg = Debug|Any CPU
		{83938A02-5A00-4EB3-9EAF-912E16699125}.Debug|Any CPU.Build.0 = Debug|Any CPU
		{83938A02-5A00-4EB3-9EAF-912E16699125}.Release|Any CPU.ActiveCfg = Release|Any CPU
		{83938A02-5A00-4EB3-9EAF-912E16699125}.Release|Any CPU.Build.0 = Release|Any CPU
	EndGlobalSection
	GlobalSection(SolutionProperties) = preSolution
		HideSolutionNode = FALSE
	EndGlobalSection
	GlobalSection(ExtensibilityGlobals) = postSolution
		SolutionGuid = {7D814151-C871-4ADB-AC1E-D7C09AA705CE}
	EndGlobalSection
EndGlobal
